<?xml version="1.0" encoding="utf-8"?>
<Project ToolsVersion="4.0" xmlns="http://schemas.microsoft.com/developer/msbuild/2003">
  <ItemGroup>
    <Filter Include="Source files">
      <UniqueIdentifier>{e29cf261-7d6f-4406-9973-7be659ff72a1}</UniqueIdentifier>
      <Extensions>cpp;c;cc;cxx;def;odl;idl;hpj;bat;asm;asmx</Extensions>
    </Filter>
    <Filter Include="Header files">
      <UniqueIdentifier>{26b486cb-fda2-4804-a7f9-591c7a169825}</UniqueIdentifier>
      <Extensions>h;hpp;hxx;hm;inl;inc;xsd</Extensions>
    </Filter>
    <Filter Include="Resource files">
      <UniqueIdentifier>{ee17e1de-161a-415f-9eae-7356b2706d7a}</UniqueIdentifier>
      <Extensions>rc;ico;cur;bmp;dlg;rc2;rct;bin;rgs;gif;jpg;jpeg;jpe;resx;tiff;tif;png;wav</Extensions>
    </Filter>
    <Filter Include="Make files">
      <UniqueIdentifier>{ccbf1f3f-814e-443e-92c2-81053c6c2d06}</UniqueIdentifier>
      <Extensions>*.mak</Extensions>
    </Filter>
    <Filter Include="VisualGDB settings">
      <UniqueIdentifier>{0f7faccb-aec9-43bc-b538-8989b57e1581}</UniqueIdentifier>
      <Extensions>*.vgdbsettings</Extensions>
    </Filter>
    <Filter Include="Source files\Device-specific files">
      <UniqueIdentifier>{6cf7d6b6-9ffc-4e96-954f-57afa0ff640d}</UniqueIdentifier>
    </Filter>
    <Filter Include="Header files\Device-specific files">
      <UniqueIdentifier>{e5bc724e-7fd5-429c-a71d-5f064c19f265}</UniqueIdentifier>
    </Filter>
  </ItemGroup>
  <ItemGroup>
    <None Include="Makefile" />
    <None Include="debug.mak">
      <Filter>Make files</Filter>
    </None>
    <None Include="STM32-DLMS-COSEM-Debug.vgdbsettings">
      <Filter>VisualGDB settings</Filter>
    </None>
    <None Include="release.mak">
      <Filter>Make files</Filter>
    </None>
    <None Include="STM32-DLMS-COSEM-Release.vgdbsettings">
      <Filter>VisualGDB settings</Filter>
    </None>
    <None Include="stm32.mak">
      <Filter>Source files\Device-specific files</Filter>
    </None>
  </ItemGroup>
  <ItemGroup>
    <Xml Include="stm32.xml">
      <Filter>VisualGDB settings</Filter>
    </Xml>
  </ItemGroup>
  <ItemGroup>
    <ClCompile Include="..\DLMS-COSEM\StateMachine.cpp">
      <Filter>Source files</Filter>
    </ClCompile>
    <ClCompile Include="..\DLMS-COSEM\COSEM.cpp">
      <Filter>Source files</Filter>
    </ClCompile>
    <ClCompile Include="..\DLMS-COSEM\COSEMClient.cpp">
      <Filter>Source files</Filter>
    </ClCompile>
    <ClCompile Include="..\DLMS-COSEM\COSEMServer.cpp">
      <Filter>Source files</Filter>
    </ClCompile>
    <ClCompile Include="..\DLMS-COSEM\DLMS-COSEM.cpp">
      <Filter>Source files</Filter>
    </ClCompile>
    <ClCompile Include="..\DLMS-COSEM\DLMSVector.cpp">
      <Filter>Source files</Filter>
    </ClCompile>
    <ClCompile Include="..\DLMS-COSEM\Wrapper.cpp">
      <Filter>Source files</Filter>
    </ClCompile>
    <ClCompile Include="..\DLMS-COSEM\serialwrapper\SerialWrapper.cpp">
      <Filter>Source files</Filter>
    </ClCompile>
    <ClCompile Include="..\DLMS-COSEM\hdlc\HDLCAddress.cpp">
      <Filter>Source files</Filter>
    </ClCompile>
    <ClCompile Include="..\DLMS-COSEM\hdlc\HDLCClient.cpp">
      <Filter>Source files</Filter>
    </ClCompile>
    <ClCompile Include="..\DLMS-COSEM\hdlc\HDLCHelpers.cpp">
      <Filter>Source files</Filter>
    </ClCompile>
    <ClCompile Include="..\DLMS-COSEM\hdlc\HDLCLLC.cpp">
      <Filter>Source files</Filter>
    </ClCompile>
    <ClCompile Include="..\DLMS-COSEM\hdlc\HDLCMAC.cpp">
      <Filter>Source files</Filter>
    </ClCompile>
    <ClCompile Include="..\DLMS-COSEM\hdlc\HDLCServer.cpp">
      <Filter>Source files</Filter>
    </ClCompile>
    <ClCompile Include="..\DLMS-COSEM\hdlc\HDLCStatistics.cpp">
      <Filter>Source files</Filter>
    </ClCompile>
    <ClCompile Include="..\DLMS-COSEM\hdlc\modcnt.cpp">
      <Filter>Source files</Filter>
    </ClCompile>
    <ClCompile Include="..\DLMS-COSEM\hdlc\packet.cpp">
      <Filter>Source files</Filter>
    </ClCompile>
    <ClCompile Include="..\DLMS-COSEM\APDU\AARE.cpp">
      <Filter>Source files</Filter>
    </ClCompile>
    <ClCompile Include="..\DLMS-COSEM\APDU\AARQ.cpp">
      <Filter>Source files</Filter>
    </ClCompile>
    <ClCompile Include="..\DLMS-COSEM\APDU\APDUConstants.cpp">
      <Filter>Source files</Filter>
    </ClCompile>
    <ClCompile Include="..\DLMS-COSEM\APDU\APDUFactory.cpp">
      <Filter>Source files</Filter>
    </ClCompile>
    <ClCompile Include="..\DLMS-COSEM\APDU\ASNType.cpp">
      <Filter>Source files</Filter>
    </ClCompile>
    <ClCompile Include="..\DLMS-COSEM\APDU\GET-Request.cpp">
      <Filter>Source files</Filter>
    </ClCompile>
    <ClCompile Include="..\DLMS-COSEM\APDU\GET-Response.cpp">
      <Filter>Source files</Filter>
    </ClCompile>
    <ClCompile Include="..\DLMS-COSEM\APDU\ACTION-Request.cpp">
      <Filter>Source files</Filter>
    </ClCompile>
    <ClCompile Include="..\DLMS-COSEM\APDU\ACTION-Response.cpp">
      <Filter>Source files</Filter>
    </ClCompile>
    <ClCompile Include="..\DLMS-COSEM\APDU\SET-Request.cpp">
      <Filter>Source files</Filter>
    </ClCompile>
    <ClCompile Include="..\DLMS-COSEM\APDU\SET-Response.cpp">
      <Filter>Source files</Filter>
    </ClCompile>
    <ClCompile Include="..\DLMS-COSEM\interfaces\COSEMData.cpp">
      <Filter>Source files</Filter>
    </ClCompile>
    <ClCompile Include="..\DLMS-COSEM\interfaces\IClock.cpp">
      <Filter>Source files</Filter>
    </ClCompile>
    <ClCompile Include="..\DLMS-COSEM\interfaces\ICOSEMInterface.cpp">
      <Filter>Source files</Filter>
    </ClCompile>
    <ClCompile Include="..\DLMS-COSEM\interfaces\IData.cpp">
      <Filter>Source files</Filter>
    </ClCompile>
    <ClCompile Include="..\DLMS-COSEM\COSEMDevice.cpp">
      <Filter>Source files</Filter>
    </ClCompile>
    <ClCompile Include="..\DLMS-COSEM\COSEMObjectInstanceID.cpp">
      <Filter>Source files</Filter>
    </ClCompile>
    <ClCompile Include="..\DLMS-COSEM\LogicalDevice.cpp">
      <Filter>Source files</Filter>
    </ClCompile>
    <ClCompile Include="..\DLMS-COSEM\COSEMEngine.cpp">
      <Filter>Source files</Filter>
    </ClCompile>
    <ClCompile Include="..\DLMS-COSEM\APDU\RLRE.cpp">
      <Filter>Source files</Filter>
    </ClCompile>
    <ClCompile Include="..\DLMS-COSEM\APDU\RLRQ.cpp">
      <Filter>Source files</Filter>
    </ClCompile>
  </ItemGroup>
  <ItemGroup>
    <ClInclude Include="..\DLMS-COSEM\include\StateMachine.h">
      <Filter>Header files</Filter>
    </ClInclude>
  </ItemGroup>
</Project>