Microsoft Visual Studio Solution File, Format Version 12.00
# Visual Studio 14
VisualStudioVersion = 14.0.23107.0
MinimumVisualStudioVersion = 10.0.40219.1
Project("{8BC9CEB8-8B4A-11D0-8D11-00A0C91BC942}") = "DLMS-COSEM", "lib\DLMS-COSEM\DLMS-COSEM.vcxproj", "{3834BDE6-3311-449D-9A6F-ED089BF2BD7E}"
EndProject
Project("{8BC9CEB8-8B4A-11D0-8D11-00A0C91BC942}") = "Linux", "src\Linux\Linux.vcxproj", "{B931A0A3-A3AB-45C8-BE32-BBE77E649F1E}"
	ProjectSection(ProjectDependencies) = postProject
		{BBABC129-D3F1-4953-8A57-D473DEA91689} = {BBABC129-D3F1-4953-8A57-D473DEA91689}
		{3834BDE6-3311-449D-9A6F-ED089BF2BD7E} = {3834BDE6-3311-449D-9A6F-ED089BF2BD7E}
	EndProjectSection
EndProject
Project("{8BC9CEB8-8B4A-11D0-8D11-00A0C91BC942}") = "asio-1.10.6", "lib\asio-1.10.6\asio-1.10.6.vcxproj", "{BBABC129-D3F1-4953-8A57-D473DEA91689}"
EndProject
Project("{8BC9CEB8-8B4A-11D0-8D11-00A0C91BC942}") = "DLMS-COSEM-TEST", "test\DLMS-COSEM-TEST\DLMS-COSEM-TEST.vcxproj", "{25AE38DE-88A0-4726-8605-75FEA93F1AC2}"
	ProjectSection(ProjectDependencies) = postProject
		{BBABC129-D3F1-4953-8A57-D473DEA91689} = {BBABC129-D3F1-4953-8A57-D473DEA91689}
		{8713FA82-D30F-4C49-A8EA-F592C7DE80A1} = {8713FA82-D30F-4C49-A8EA-F592C7DE80A1}
		{3834BDE6-3311-449D-9A6F-ED089BF2BD7E} = {3834BDE6-3311-449D-9A6F-ED089BF2BD7E}
	EndProjectSection
EndProject
Project("{8BC9CEB8-8B4A-11D0-8D11-00A0C91BC942}") = "googletest-release-1.7.0", "lib\googletest-release-1.7.0\googletest-release-1.7.0.vcxproj", "{8713FA82-D30F-4C49-A8EA-F592C7DE80A1}"
EndProject
Project("{2150E333-8FDC-42A3-9474-1A3956D46DE8}") = "Solution Items", "Solution Items", "{8AFD757B-D4F2-4B75-8A1E-7C1F6F8FBCD8}"
	ProjectSection(SolutionItems) = preProject
		CMakeLists.txt = CMakeLists.txt
		README = README
		README.md = README.md
	EndProjectSection
EndProject
Project("{8BC9CEB8-8B4A-11D0-8D11-00A0C91BC942}") = "STM32-NUCLEO-F207ZG", "src\STM32-NUCLEO-F207ZG\STM32-NUCLEO-F207ZG.vcxproj", "{B5774B7F-7C31-47EA-8257-A1886F8271C0}"
	ProjectSection(ProjectDependencies) = postProject
		{E4D564B7-BA69-4183-A519-51C6CC543841} = {E4D564B7-BA69-4183-A519-51C6CC543841}
	EndProjectSection
EndProject
Project("{8BC9CEB8-8B4A-11D0-8D11-00A0C91BC942}") = "STM32-DLMS-COSEM", "lib\STM32-DLMS-COSEM\STM32-DLMS-COSEM.vcxproj", "{E4D564B7-BA69-4183-A519-51C6CC543841}"
EndProject
Global
	GlobalSection(SolutionConfigurationPlatforms) = preSolution
		Debug|x64 = Debug|x64
		Debug|x86 = Debug|x86
		Release|x64 = Release|x64
		Release|x86 = Release|x86
	EndGlobalSection
	GlobalSection(ProjectConfigurationPlatforms) = postSolution
		{3834BDE6-3311-449D-9A6F-ED089BF2BD7E}.Debug|x64.ActiveCfg = Debug|Win32
		{3834BDE6-3311-449D-9A6F-ED089BF2BD7E}.Debug|x86.ActiveCfg = Debug|Win32
		{3834BDE6-3311-449D-9A6F-ED089BF2BD7E}.Debug|x86.Build.0 = Debug|Win32
		{3834BDE6-3311-449D-9A6F-ED089BF2BD7E}.Release|x64.ActiveCfg = Release|Win32
		{3834BDE6-3311-449D-9A6F-ED089BF2BD7E}.Release|x86.ActiveCfg = Release|Win32
		{3834BDE6-3311-449D-9A6F-ED089BF2BD7E}.Release|x86.Build.0 = Release|Win32
		{B931A0A3-A3AB-45C8-BE32-BBE77E649F1E}.Debug|x64.ActiveCfg = Debug|Win32
		{B931A0A3-A3AB-45C8-BE32-BBE77E649F1E}.Debug|x86.ActiveCfg = Debug|Win32
		{B931A0A3-A3AB-45C8-BE32-BBE77E649F1E}.Debug|x86.Build.0 = Debug|Win32
		{B931A0A3-A3AB-45C8-BE32-BBE77E649F1E}.Release|x64.ActiveCfg = Release|Win32
		{B931A0A3-A3AB-45C8-BE32-BBE77E649F1E}.Release|x86.ActiveCfg = Release|Win32
		{B931A0A3-A3AB-45C8-BE32-BBE77E649F1E}.Release|x86.Build.0 = Release|Win32
		{BBABC129-D3F1-4953-8A57-D473DEA91689}.Debug|x64.ActiveCfg = Debug|Win32
		{BBABC129-D3F1-4953-8A57-D473DEA91689}.Debug|x86.ActiveCfg = Debug|Win32
		{BBABC129-D3F1-4953-8A57-D473DEA91689}.Debug|x86.Build.0 = Debug|Win32
		{BBABC129-D3F1-4953-8A57-D473DEA91689}.Release|x64.ActiveCfg = Release|Win32
		{BBABC129-D3F1-4953-8A57-D473DEA91689}.Release|x86.ActiveCfg = Release|Win32
		{BBABC129-D3F1-4953-8A57-D473DEA91689}.Release|x86.Build.0 = Release|Win32
		{25AE38DE-88A0-4726-8605-75FEA93F1AC2}.Debug|x64.ActiveCfg = Debug|Win32
		{25AE38DE-88A0-4726-8605-75FEA93F1AC2}.Debug|x86.ActiveCfg = Debug|Win32
		{25AE38DE-88A0-4726-8605-75FEA93F1AC2}.Debug|x86.Build.0 = Debug|Win32
		{25AE38DE-88A0-4726-8605-75FEA93F1AC2}.Release|x64.ActiveCfg = Release|Win32
		{25AE38DE-88A0-4726-8605-75FEA93F1AC2}.Release|x86.ActiveCfg = Release|Win32
		{25AE38DE-88A0-4726-8605-75FEA93F1AC2}.Release|x86.Build.0 = Release|Win32
		{8713FA82-D30F-4C49-A8EA-F592C7DE80A1}.Debug|x64.ActiveCfg = Debug|Win32
		{8713FA82-D30F-4C49-A8EA-F592C7DE80A1}.Debug|x86.ActiveCfg = Debug|Win32
		{8713FA82-D30F-4C49-A8EA-F592C7DE80A1}.Debug|x86.Build.0 = Debug|Win32
		{8713FA82-D30F-4C49-A8EA-F592C7DE80A1}.Release|x64.ActiveCfg = Release|Win32
		{8713FA82-D30F-4C49-A8EA-F592C7DE80A1}.Release|x86.ActiveCfg = Release|Win32
		{8713FA82-D30F-4C49-A8EA-F592C7DE80A1}.Release|x86.Build.0 = Release|Win32
		{B5774B7F-7C31-47EA-8257-A1886F8271C0}.Debug|x64.ActiveCfg = Debug|Win32
		{B5774B7F-7C31-47EA-8257-A1886F8271C0}.Debug|x86.ActiveCfg = Debug|Win32
		{B5774B7F-7C31-47EA-8257-A1886F8271C0}.Debug|x86.Build.0 = Debug|Win32
		{B5774B7F-7C31-47EA-8257-A1886F8271C0}.Release|x64.ActiveCfg = Release|Win32
		{B5774B7F-7C31-47EA-8257-A1886F8271C0}.Release|x86.ActiveCfg = Release|Win32
		{B5774B7F-7C31-47EA-8257-A1886F8271C0}.Release|x86.Build.0 = Release|Win32
		{E4D564B7-BA69-4183-A519-51C6CC543841}.Debug|x64.ActiveCfg = Debug|Win32
		{E4D564B7-BA69-4183-A519-51C6CC543841}.Debug|x86.ActiveCfg = Debug|Win32
		{E4D564B7-BA69-4183-A519-51C6CC543841}.Debug|x86.Build.0 = Debug|Win32
		{E4D564B7-BA69-4183-A519-51C6CC543841}.Release|x64.ActiveCfg = Release|Win32
		{E4D564B7-BA69-4183-A519-51C6CC543841}.Release|x86.ActiveCfg = Release|Win32
		{E4D564B7-BA69-4183-A519-51C6CC543841}.Release|x86.Build.0 = Release|Win32
	EndGlobalSection
	GlobalSection(SolutionProperties) = preSolution
		HideSolutionNode = FALSE
	EndGlobalSection
EndGlobal
