<?xml version="1.0" encoding="utf-8"?>
<Project ToolsVersion="4.0" xmlns="http://schemas.microsoft.com/developer/msbuild/2003">
  <ItemGroup>
    <Filter Include="Source files">
      <UniqueIdentifier>{24cefac4-a7e3-4cad-90ca-82e4257d958f}</UniqueIdentifier>
      <Extensions>cpp;c;cc;cxx;def;odl;idl;hpj;bat;asm;asmx</Extensions>
    </Filter>
    <Filter Include="Header files">
      <UniqueIdentifier>{19586ebd-0917-4ad6-91e8-ba7a8b694a38}</UniqueIdentifier>
      <Extensions>h;hpp;hxx;hm;inl;inc;xsd</Extensions>
    </Filter>
    <Filter Include="Resource files">
      <UniqueIdentifier>{0359f19f-ea03-4281-933b-d7eafb65e1e1}</UniqueIdentifier>
      <Extensions>rc;ico;cur;bmp;dlg;rc2;rct;bin;rgs;gif;jpg;jpeg;jpe;resx;tiff;tif;png;wav</Extensions>
    </Filter>
  </ItemGroup>
  <ItemGroup>
    <ClCompile Include="DLMS-COSEM-TEST.cpp">
      <Filter>Source files</Filter>
    </ClCompile>
    <ClCompile Include="UnitTest-LinuxMemory.cpp">
      <Filter>Source files</Filter>
    </ClCompile>
    <ClCompile Include="UnitTest-HDLC-Packet.cpp">
      <Filter>Source files</Filter>
    </ClCompile>
    <ClCompile Include="UnitTest-HDLC-Address.cpp">
      <Filter>Source files</Filter>
    </ClCompile>
    <ClCompile Include="UnitTest-HDLC-MAC.cpp">
      <Filter>Source files</Filter>
    </ClCompile>
    <ClCompile Include="UnitTest-HDLC-Client.cpp">
      <Filter>Source files</Filter>
    </ClCompile>
    <ClCompile Include="UnitTest-HDLC-LLC.cpp">
      <Filter>Source files</Filter>
    </ClCompile>
    <ClCompile Include="UnitTest-HDLC-Server.cpp">
      <Filter>Source files</Filter>
    </ClCompile>
    <ClCompile Include="UnitTest-StateMachine.cpp">
      <Filter>Source files</Filter>
    </ClCompile>
    <ClCompile Include="UnitTest-COSEM-Client.cpp">
      <Filter>Source files</Filter>
    </ClCompile>
    <ClCompile Include="UnitTest-APDU-AARQ.cpp">
      <Filter>Source files</Filter>
    </ClCompile>
    <ClCompile Include="UnitTest-APDU-AARE.cpp">
      <Filter>Source files</Filter>
    </ClCompile>
    <ClCompile Include="UnitTest-DLMSVector.cpp">
      <Filter>Source files</Filter>
    </ClCompile>
    <ClCompile Include="UnitTest-APDU-GET-Request.cpp">
      <Filter>Source files</Filter>
    </ClCompile>
    <ClCompile Include="UnitTest-APDU-GET-Response.cpp">
      <Filter>Source files</Filter>
    </ClCompile>
    <ClCompile Include="UnitTest-ICOSEMInterface.cpp">
      <Filter>Source files</Filter>
    </ClCompile>
    <ClCompile Include="UnitTest-COSEMObjectInstanceID.cpp">
      <Filter>Source files</Filter>
    </ClCompile>
    <ClCompile Include="UnitTest-Interfaces-COSEMData.cpp">
      <Filter>Source files</Filter>
    </ClCompile>
    <ClCompile Include="UnitTest-APDU-RLRQ.cpp">
      <Filter>Source files</Filter>
    </ClCompile>
    <ClCompile Include="UnitTest-APDU-RLRE.cpp">
      <Filter>Source files</Filter>
    </ClCompile>
  </ItemGroup>
  <ItemGroup>
    <Text Include="CMakeLists.txt">
      <Filter>Source files</Filter>
    </Text>
  </ItemGroup>
  <ItemGroup>
    <ClInclude Include="DummySerial.h">
      <Filter>Header files</Filter>
    </ClInclude>
  </ItemGroup>
</Project>