<?xml version="1.0" encoding="utf-8"?>
<Project ToolsVersion="4.0" xmlns="http://schemas.microsoft.com/developer/msbuild/2003">
  <ItemGroup>
    <Filter Include="Source files">
      <UniqueIdentifier>{41062e87-bc26-465d-91e4-efd4d4ff767a}</UniqueIdentifier>
      <Extensions>cpp;c;cc;cxx;def;odl;idl;hpj;bat;asm;asmx</Extensions>
    </Filter>
    <Filter Include="Header files">
      <UniqueIdentifier>{5dde9086-1398-48f1-8a8b-7c5f71bd9047}</UniqueIdentifier>
      <Extensions>h;hpp;hxx;hm;inl;inc;xsd</Extensions>
    </Filter>
    <Filter Include="Resource files">
      <UniqueIdentifier>{4f657440-d622-4594-a7fa-f0746414d77d}</UniqueIdentifier>
      <Extensions>rc;ico;cur;bmp;dlg;rc2;rct;bin;rgs;gif;jpg;jpeg;jpe;resx;tiff;tif;png;wav</Extensions>
    </Filter>
  </ItemGroup>
  <ItemGroup>
    <ClCompile Include="Linux.cpp">
      <Filter>Source files</Filter>
    </ClCompile>
    <ClCompile Include="LinuxBaseLibrary.cpp">
      <Filter>Source files</Filter>
    </ClCompile>
    <ClCompile Include="LinuxCore.cpp">
      <Filter>Source files</Filter>
    </ClCompile>
    <ClCompile Include="LinuxMemory.cpp">
      <Filter>Source files</Filter>
    </ClCompile>
    <ClCompile Include="LinuxSerial.cpp">
      <Filter>Source files</Filter>
    </ClCompile>
    <ClCompile Include="LinuxSimpleTimer.cpp">
      <Filter>Source files</Filter>
    </ClCompile>
    <ClCompile Include="LinuxCOSEMServer.cpp">
      <Filter>Source files</Filter>
    </ClCompile>
    <ClCompile Include="LinuxSocket.cpp">
      <Filter>Source files</Filter>
    </ClCompile>
    <ClCompile Include="LinuxDebug.cpp">
      <Filter>Source files</Filter>
    </ClCompile>
    <ClCompile Include="LinuxScheduler.cpp">
      <Filter>Source files</Filter>
    </ClCompile>
    <ClCompile Include="LinuxSynchronization.cpp">
      <Filter>Source files</Filter>
    </ClCompile>
  </ItemGroup>
  <ItemGroup>
    <Text Include="CMakeLists.txt">
      <Filter>Source files</Filter>
    </Text>
  </ItemGroup>
  <ItemGroup>
    <ClInclude Include="include\LinuxBaseLibrary.h">
      <Filter>Header files</Filter>
    </ClInclude>
    <ClInclude Include="include\LinuxCore.h">
      <Filter>Header files</Filter>
    </ClInclude>
    <ClInclude Include="include\LinuxMemory.h">
      <Filter>Header files</Filter>
    </ClInclude>
    <ClInclude Include="include\LinuxSerial.h">
      <Filter>Header files</Filter>
    </ClInclude>
    <ClInclude Include="include\LinuxSimpleTimer.h">
      <Filter>Header files</Filter>
    </ClInclude>
    <ClInclude Include="include\LinuxSocket.h">
      <Filter>Header files</Filter>
    </ClInclude>
    <ClInclude Include="include\LinuxDebug.h">
      <Filter>Header files</Filter>
    </ClInclude>
    <ClInclude Include="include\LinuxCOSEMServer.h">
      <Filter>Header files</Filter>
    </ClInclude>
    <ClInclude Include="include\LinuxScheduler.h">
      <Filter>Header files</Filter>
    </ClInclude>
    <ClInclude Include="include\LinuxSynchronization.h">
      <Filter>Header files</Filter>
    </ClInclude>
  </ItemGroup>
</Project>