<?xml version="1.0" encoding="utf-8"?>
<Project ToolsVersion="4.0" xmlns="http://schemas.microsoft.com/developer/msbuild/2003">
  <ItemGroup>
    <Filter Include="Source files">
      <UniqueIdentifier>{fa736db5-24fc-432c-99cf-1f60cc64c8c5}</UniqueIdentifier>
      <Extensions>cpp;c;cc;cxx;def;odl;idl;hpj;bat;asm;asmx</Extensions>
    </Filter>
    <Filter Include="Header files">
      <UniqueIdentifier>{e035fe37-393e-442e-940d-a1e4eea52247}</UniqueIdentifier>
      <Extensions>h;hpp;hxx;hm;inl;inc;xsd</Extensions>
    </Filter>
    <Filter Include="Resource files">
      <UniqueIdentifier>{c3f1c62a-6e0e-43e1-9802-7e993c33302e}</UniqueIdentifier>
      <Extensions>rc;ico;cur;bmp;dlg;rc2;rct;bin;rgs;gif;jpg;jpeg;jpe;resx;tiff;tif;png;wav</Extensions>
    </Filter>
    <Filter Include="Make files">
      <UniqueIdentifier>{d0320180-e633-4943-ad9f-b3bf78119604}</UniqueIdentifier>
      <Extensions>*.mak</Extensions>
    </Filter>
  </ItemGroup>
  <ItemGroup>
    <ClCompile Include="DLMS-COSEM.cpp">
      <Filter>Source files</Filter>
    </ClCompile>
    <ClCompile Include="hdlc\HDLCStatistics.cpp">
      <Filter>Source files</Filter>
    </ClCompile>
    <ClCompile Include="hdlc\modcnt.cpp">
      <Filter>Source files</Filter>
    </ClCompile>
    <ClCompile Include="hdlc\packet.cpp">
      <Filter>Source files</Filter>
    </ClCompile>
    <ClCompile Include="hdlc\HDLCHelpers.cpp">
      <Filter>Source files</Filter>
    </ClCompile>
    <ClCompile Include="hdlc\HDLCMAC.cpp">
      <Filter>Source files</Filter>
    </ClCompile>
    <ClCompile Include="hdlc\HDLCClient.cpp">
      <Filter>Source files</Filter>
    </ClCompile>
    <ClCompile Include="hdlc\HDLCServer.cpp">
      <Filter>Source files</Filter>
    </ClCompile>
    <ClCompile Include="StateMachine.cpp">
      <Filter>Source files</Filter>
    </ClCompile>
    <ClCompile Include="hdlc\HDLCLLC.cpp">
      <Filter>Source files</Filter>
    </ClCompile>
    <ClCompile Include="COSEM.cpp">
      <Filter>Source files</Filter>
    </ClCompile>
    <ClCompile Include="COSEMServer.cpp">
      <Filter>Source files</Filter>
    </ClCompile>
    <ClCompile Include="APDU\AARQ.cpp">
      <Filter>Source files</Filter>
    </ClCompile>
    <ClCompile Include="APDU\ASNType.cpp">
      <Filter>Source files</Filter>
    </ClCompile>
    <ClCompile Include="hdlc\HDLCAddress.cpp">
      <Filter>Source files</Filter>
    </ClCompile>
    <ClCompile Include="serialwrapper\SerialWrapper.cpp">
      <Filter>Source files</Filter>
    </ClCompile>
    <ClCompile Include="APDU\APDUConstants.cpp">
      <Filter>Source files</Filter>
    </ClCompile>
    <ClCompile Include="APDU\AARE.cpp">
      <Filter>Source files</Filter>
    </ClCompile>
    <ClCompile Include="DLMSVector.cpp">
      <Filter>Source files</Filter>
    </ClCompile>
    <ClCompile Include="Wrapper.cpp">
      <Filter>Source files</Filter>
    </ClCompile>
    <ClCompile Include="APDU\APDUFactory.cpp">
      <Filter>Source files</Filter>
    </ClCompile>
    <ClCompile Include="APDU\GET-Request.cpp">
      <Filter>Source files</Filter>
    </ClCompile>
    <ClCompile Include="APDU\GET-Response.cpp">
      <Filter>Source files</Filter>
    </ClCompile>
    <ClCompile Include="COSEMObjectInstanceID.cpp">
      <Filter>Source files</Filter>
    </ClCompile>
    <ClCompile Include="LogicalDevice.cpp">
      <Filter>Source files</Filter>
    </ClCompile>
    <ClCompile Include="interfaces\ICOSEMInterface.cpp">
      <Filter>Source files</Filter>
    </ClCompile>
    <ClCompile Include="interfaces\IData.cpp">
      <Filter>Source files</Filter>
    </ClCompile>
    <ClCompile Include="interfaces\COSEMData.cpp">
      <Filter>Source files</Filter>
    </ClCompile>
    <ClCompile Include="interfaces\IClock.cpp">
      <Filter>Source files</Filter>
    </ClCompile>
    <ClCompile Include="tcpwrapper\TCPWrapper.cpp">
      <Filter>Source files</Filter>
    </ClCompile>
    <ClCompile Include="COSEMDevice.cpp">
      <Filter>Source files</Filter>
    </ClCompile>
    <ClCompile Include="COSEMEngine.cpp">
      <Filter>Source files</Filter>
    </ClCompile>
    <ClCompile Include="APDU\RLRE.cpp">
      <Filter>Source files</Filter>
    </ClCompile>
    <ClCompile Include="APDU\RLRQ.cpp">
      <Filter>Source files</Filter>
    </ClCompile>
  </ItemGroup>
  <ItemGroup>
    <ClInclude Include="include\ERROR_TYPE.h">
      <Filter>Header files</Filter>
    </ClInclude>
    <ClInclude Include="include\IBaseLibrary.h">
      <Filter>Header files</Filter>
    </ClInclude>
    <ClInclude Include="include\ICore.h">
      <Filter>Header files</Filter>
    </ClInclude>
    <ClInclude Include="include\IMemory.h">
      <Filter>Header files</Filter>
    </ClInclude>
    <ClInclude Include="include\ISerial.h">
      <Filter>Header files</Filter>
    </ClInclude>
    <ClInclude Include="include\DLMS-COSEM.h">
      <Filter>Header files</Filter>
    </ClInclude>
    <ClInclude Include="include\hdlc\comdefs.h">
      <Filter>Header files</Filter>
    </ClInclude>
    <ClInclude Include="include\hdlc\HDLCStatistics.h">
      <Filter>Header files</Filter>
    </ClInclude>
    <ClInclude Include="include\hdlc\modcnt.h">
      <Filter>Header files</Filter>
    </ClInclude>
    <ClInclude Include="include\hdlc\packet.h">
      <Filter>Header files</Filter>
    </ClInclude>
    <ClInclude Include="include\ISimpleTimer.h">
      <Filter>Header files</Filter>
    </ClInclude>
    <ClInclude Include="include\hdlc\HDLCErrors.h">
      <Filter>Header files</Filter>
    </ClInclude>
    <ClInclude Include="include\hdlc\appdefs.h">
      <Filter>Header files</Filter>
    </ClInclude>
    <ClInclude Include="include\hdlc\linkdefs.h">
      <Filter>Header files</Filter>
    </ClInclude>
    <ClInclude Include="include\hdlc\HDLCControl.h">
      <Filter>Header files</Filter>
    </ClInclude>
    <ClInclude Include="include\hdlc\HDLCAddress.h">
      <Filter>Header files</Filter>
    </ClInclude>
    <ClInclude Include="include\hdlc\HDLCHelpers.h">
      <Filter>Header files</Filter>
    </ClInclude>
    <ClInclude Include="include\hdlc\HDLCMAC.h">
      <Filter>Header files</Filter>
    </ClInclude>
    <ClInclude Include="include\HDLCLLC.h">
      <Filter>Header files</Filter>
    </ClInclude>
    <ClInclude Include="include\hdlc\HDLCOptions.h">
      <Filter>Header files</Filter>
    </ClInclude>
    <ClInclude Include="include\StateMachine.h">
      <Filter>Header files</Filter>
    </ClInclude>
    <ClInclude Include="include\Callback.h">
      <Filter>Header files</Filter>
    </ClInclude>
    <ClInclude Include="include\interfaces\IData.h">
      <Filter>Header files</Filter>
    </ClInclude>
    <ClInclude Include="include\interfaces\IClock.h">
      <Filter>Header files</Filter>
    </ClInclude>
    <ClInclude Include="include\COSEM.h">
      <Filter>Header files</Filter>
    </ClInclude>
    <ClInclude Include="include\Transport.h">
      <Filter>Header files</Filter>
    </ClInclude>
    <ClInclude Include="include\APDU\APDU.h">
      <Filter>Header files</Filter>
    </ClInclude>
    <ClInclude Include="include\APDU\AARQ.h">
      <Filter>Header files</Filter>
    </ClInclude>
    <ClInclude Include="include\APDU\APDUComponent.h">
      <Filter>Header files</Filter>
    </ClInclude>
    <ClInclude Include="include\APDU\ASNType.h">
      <Filter>Header files</Filter>
    </ClInclude>
    <ClInclude Include="include\mapbox\optional.hpp">
      <Filter>Header files</Filter>
    </ClInclude>
    <ClInclude Include="include\mapbox\recursive_wrapper.hpp">
      <Filter>Header files</Filter>
    </ClInclude>
    <ClInclude Include="include\mapbox\variant.hpp">
      <Filter>Header files</Filter>
    </ClInclude>
    <ClInclude Include="include\mapbox\variant_io.hpp">
      <Filter>Header files</Filter>
    </ClInclude>
    <ClInclude Include="include\APDU\AARE.h">
      <Filter>Header files</Filter>
    </ClInclude>
    <ClInclude Include="include\APDU\APDUConstants.h">
      <Filter>Header files</Filter>
    </ClInclude>
    <ClInclude Include="include\DLMSVector.h">
      <Filter>Header files</Filter>
    </ClInclude>
    <ClInclude Include="include\Wrapper.h">
      <Filter>Header files</Filter>
    </ClInclude>
    <ClInclude Include="include\serialwrapper\SerialWrapper.h">
      <Filter>Header files</Filter>
    </ClInclude>
    <ClInclude Include="include\APDU\APDUFactory.h">
      <Filter>Header files</Filter>
    </ClInclude>
    <ClInclude Include="include\APDU\GET-Request.h">
      <Filter>Header files</Filter>
    </ClInclude>
    <ClInclude Include="include\APDU\GET-Response.h">
      <Filter>Header files</Filter>
    </ClInclude>
    <ClInclude Include="include\interfaces\COSEMAttribute.h">
      <Filter>Header files</Filter>
    </ClInclude>
    <ClInclude Include="include\interfaces\COSEMData.h">
      <Filter>Header files</Filter>
    </ClInclude>
    <ClInclude Include="include\interfaces\COSEMMethod.h">
      <Filter>Header files</Filter>
    </ClInclude>
    <ClInclude Include="include\interfaces\ICOSEMInterface.h">
      <Filter>Header files</Filter>
    </ClInclude>
    <ClInclude Include="include\LogicalDevice.h">
      <Filter>Header files</Filter>
    </ClInclude>
    <ClInclude Include="include\COSEMAddress.h">
      <Filter>Header files</Filter>
    </ClInclude>
    <ClInclude Include="include\COSEMObjectInstanceID.h">
      <Filter>Header files</Filter>
    </ClInclude>
    <ClInclude Include="include\COSEMTypes.h">
      <Filter>Header files</Filter>
    </ClInclude>
    <ClInclude Include="include\tcpwrapper\TCPWrapper.h">
      <Filter>Header files</Filter>
    </ClInclude>
    <ClInclude Include="include\ISocket.h">
      <Filter>Header files</Filter>
    </ClInclude>
    <ClInclude Include="include\IDebug.h">
      <Filter>Header files</Filter>
    </ClInclude>
    <ClInclude Include="include\COSEMDevice.h">
      <Filter>Header files</Filter>
    </ClInclude>
    <ClInclude Include="include\COSEMEngine.h">
      <Filter>Header files</Filter>
    </ClInclude>
    <ClInclude Include="include\COSEMSecurity.h">
      <Filter>Header files</Filter>
    </ClInclude>
    <ClInclude Include="include\APDU\RLRQ.h">
      <Filter>Header files</Filter>
    </ClInclude>
    <ClInclude Include="include\APDU\RLRE.h">
      <Filter>Header files</Filter>
    </ClInclude>
    <ClInclude Include="include\APDU\APDUDefs.h">
      <Filter>Header files</Filter>
    </ClInclude>
  </ItemGroup>
  <ItemGroup>
    <None Include="Makefile" />
    <None Include="debug.mak">
      <Filter>Make files</Filter>
    </None>
    <None Include="release.mak">
      <Filter>Make files</Filter>
    </None>
    <None Include="COSEMClient.cpp" />
  </ItemGroup>
  <ItemGroup>
    <Text Include="CMakeLists.txt" />
  </ItemGroup>
</Project>