<?xml version="1.0" encoding="utf-8"?>
<Project ToolsVersion="4.0" xmlns="http://schemas.microsoft.com/developer/msbuild/2003">
  <ItemGroup>
    <Filter Include="Source files">
      <UniqueIdentifier>{37887630-7bd0-4c55-97a1-1ea583d93b2c}</UniqueIdentifier>
      <Extensions>cpp;c;cc;cxx;def;odl;idl;hpj;bat;asm;asmx</Extensions>
    </Filter>
    <Filter Include="Header files">
      <UniqueIdentifier>{7cdc7f35-5bdc-4783-89f4-3a694b0d816c}</UniqueIdentifier>
      <Extensions>h;hpp;hxx;hm;inl;inc;xsd</Extensions>
    </Filter>
    <Filter Include="Resource files">
      <UniqueIdentifier>{deb751f3-09ad-40f6-a1f8-9d20b4f9f516}</UniqueIdentifier>
      <Extensions>rc;ico;cur;bmp;dlg;rc2;rct;bin;rgs;gif;jpg;jpeg;jpe;resx;tiff;tif;png;wav</Extensions>
    </Filter>
    <Filter Include="Make files">
      <UniqueIdentifier>{7fbed974-9478-413c-86aa-8ea14158da10}</UniqueIdentifier>
      <Extensions>*.mak</Extensions>
    </Filter>
    <Filter Include="VisualGDB settings">
      <UniqueIdentifier>{639e4307-daa8-4e54-a1d4-60959edd4ecc}</UniqueIdentifier>
      <Extensions>*.vgdbsettings</Extensions>
    </Filter>
    <Filter Include="Source files\Device-specific files">
      <UniqueIdentifier>{1b7f90b7-b1e5-4b83-aca8-9650344d10e8}</UniqueIdentifier>
    </Filter>
    <Filter Include="Header files\Device-specific files">
      <UniqueIdentifier>{a278d295-c9d7-457b-af53-d44a464f6d25}</UniqueIdentifier>
    </Filter>
  </ItemGroup>
  <ItemGroup>
    <ClCompile Include="STM32-NUCLEO-F207ZG.c">
      <Filter>Source files</Filter>
    </ClCompile>
    <ClCompile Include="system_stm32f2xx.c">
      <Filter>Source files</Filter>
    </ClCompile>
    <ClCompile Include="BSP\STM32F2xxxx\StartupFiles\startup_stm32f207xx.c">
      <Filter>Source files\Device-specific files</Filter>
    </ClCompile>
    <ClCompile Include="BSP\FreeRTOS\Source\croutine.c">
      <Filter>Source files\Device-specific files</Filter>
    </ClCompile>
    <ClCompile Include="BSP\FreeRTOS\Source\event_groups.c">
      <Filter>Source files\Device-specific files</Filter>
    </ClCompile>
    <ClCompile Include="BSP\FreeRTOS\Source\list.c">
      <Filter>Source files\Device-specific files</Filter>
    </ClCompile>
    <ClCompile Include="BSP\FreeRTOS\Source\queue.c">
      <Filter>Source files\Device-specific files</Filter>
    </ClCompile>
    <ClCompile Include="BSP\FreeRTOS\Source\tasks.c">
      <Filter>Source files\Device-specific files</Filter>
    </ClCompile>
    <ClCompile Include="BSP\FreeRTOS\Source\timers.c">
      <Filter>Source files\Device-specific files</Filter>
    </ClCompile>
    <ClCompile Include="BSP\FreeRTOS\Source\CMSIS_RTOS\cmsis_os.c">
      <Filter>Source files\Device-specific files</Filter>
    </ClCompile>
    <ClCompile Include="BSP\FreeRTOS\Source\portable\GCC\ARM_CM3\port.c">
      <Filter>Source files\Device-specific files</Filter>
    </ClCompile>
    <ClCompile Include="BSP\FreeRTOS\Source\portable\MemMang\heap_4.c">
      <Filter>Source files\Device-specific files</Filter>
    </ClCompile>
    <ClCompile Include="BSP\STM32F2xxxx\STM32F2xx_HAL_Driver\Src\stm32f2xx_hal.c">
      <Filter>Source files\Device-specific files</Filter>
    </ClCompile>
    <ClCompile Include="BSP\STM32F2xxxx\STM32F2xx_HAL_Driver\Src\stm32f2xx_hal_adc.c">
      <Filter>Source files\Device-specific files</Filter>
    </ClCompile>
    <ClCompile Include="BSP\STM32F2xxxx\STM32F2xx_HAL_Driver\Src\stm32f2xx_hal_adc_ex.c">
      <Filter>Source files\Device-specific files</Filter>
    </ClCompile>
    <ClCompile Include="BSP\STM32F2xxxx\STM32F2xx_HAL_Driver\Src\stm32f2xx_hal_can.c">
      <Filter>Source files\Device-specific files</Filter>
    </ClCompile>
    <ClCompile Include="BSP\STM32F2xxxx\STM32F2xx_HAL_Driver\Src\stm32f2xx_hal_cortex.c">
      <Filter>Source files\Device-specific files</Filter>
    </ClCompile>
    <ClCompile Include="BSP\STM32F2xxxx\STM32F2xx_HAL_Driver\Src\stm32f2xx_hal_crc.c">
      <Filter>Source files\Device-specific files</Filter>
    </ClCompile>
    <ClCompile Include="BSP\STM32F2xxxx\STM32F2xx_HAL_Driver\Src\stm32f2xx_hal_cryp.c">
      <Filter>Source files\Device-specific files</Filter>
    </ClCompile>
    <ClCompile Include="BSP\STM32F2xxxx\STM32F2xx_HAL_Driver\Src\stm32f2xx_hal_dac.c">
      <Filter>Source files\Device-specific files</Filter>
    </ClCompile>
    <ClCompile Include="BSP\STM32F2xxxx\STM32F2xx_HAL_Driver\Src\stm32f2xx_hal_dac_ex.c">
      <Filter>Source files\Device-specific files</Filter>
    </ClCompile>
    <ClCompile Include="BSP\STM32F2xxxx\STM32F2xx_HAL_Driver\Src\stm32f2xx_hal_dcmi.c">
      <Filter>Source files\Device-specific files</Filter>
    </ClCompile>
    <ClCompile Include="BSP\STM32F2xxxx\STM32F2xx_HAL_Driver\Src\stm32f2xx_hal_dma.c">
      <Filter>Source files\Device-specific files</Filter>
    </ClCompile>
    <ClCompile Include="BSP\STM32F2xxxx\STM32F2xx_HAL_Driver\Src\stm32f2xx_hal_dma_ex.c">
      <Filter>Source files\Device-specific files</Filter>
    </ClCompile>
    <ClCompile Include="BSP\STM32F2xxxx\STM32F2xx_HAL_Driver\Src\stm32f2xx_hal_eth.c">
      <Filter>Source files\Device-specific files</Filter>
    </ClCompile>
    <ClCompile Include="BSP\STM32F2xxxx\STM32F2xx_HAL_Driver\Src\stm32f2xx_hal_flash.c">
      <Filter>Source files\Device-specific files</Filter>
    </ClCompile>
    <ClCompile Include="BSP\STM32F2xxxx\STM32F2xx_HAL_Driver\Src\stm32f2xx_hal_flash_ex.c">
      <Filter>Source files\Device-specific files</Filter>
    </ClCompile>
    <ClCompile Include="BSP\STM32F2xxxx\STM32F2xx_HAL_Driver\Src\stm32f2xx_hal_gpio.c">
      <Filter>Source files\Device-specific files</Filter>
    </ClCompile>
    <ClCompile Include="BSP\STM32F2xxxx\STM32F2xx_HAL_Driver\Src\stm32f2xx_hal_hash.c">
      <Filter>Source files\Device-specific files</Filter>
    </ClCompile>
    <ClCompile Include="BSP\STM32F2xxxx\STM32F2xx_HAL_Driver\Src\stm32f2xx_hal_hcd.c">
      <Filter>Source files\Device-specific files</Filter>
    </ClCompile>
    <ClCompile Include="BSP\STM32F2xxxx\STM32F2xx_HAL_Driver\Src\stm32f2xx_hal_i2c.c">
      <Filter>Source files\Device-specific files</Filter>
    </ClCompile>
    <ClCompile Include="BSP\STM32F2xxxx\STM32F2xx_HAL_Driver\Src\stm32f2xx_hal_i2s.c">
      <Filter>Source files\Device-specific files</Filter>
    </ClCompile>
    <ClCompile Include="BSP\STM32F2xxxx\STM32F2xx_HAL_Driver\Src\stm32f2xx_hal_irda.c">
      <Filter>Source files\Device-specific files</Filter>
    </ClCompile>
    <ClCompile Include="BSP\STM32F2xxxx\STM32F2xx_HAL_Driver\Src\stm32f2xx_hal_iwdg.c">
      <Filter>Source files\Device-specific files</Filter>
    </ClCompile>
    <ClCompile Include="BSP\STM32F2xxxx\STM32F2xx_HAL_Driver\Src\stm32f2xx_hal_nand.c">
      <Filter>Source files\Device-specific files</Filter>
    </ClCompile>
    <ClCompile Include="BSP\STM32F2xxxx\STM32F2xx_HAL_Driver\Src\stm32f2xx_hal_nor.c">
      <Filter>Source files\Device-specific files</Filter>
    </ClCompile>
    <ClCompile Include="BSP\STM32F2xxxx\STM32F2xx_HAL_Driver\Src\stm32f2xx_hal_pccard.c">
      <Filter>Source files\Device-specific files</Filter>
    </ClCompile>
    <ClCompile Include="BSP\STM32F2xxxx\STM32F2xx_HAL_Driver\Src\stm32f2xx_hal_pcd.c">
      <Filter>Source files\Device-specific files</Filter>
    </ClCompile>
    <ClCompile Include="BSP\STM32F2xxxx\STM32F2xx_HAL_Driver\Src\stm32f2xx_hal_pcd_ex.c">
      <Filter>Source files\Device-specific files</Filter>
    </ClCompile>
    <ClCompile Include="BSP\STM32F2xxxx\STM32F2xx_HAL_Driver\Src\stm32f2xx_hal_pwr.c">
      <Filter>Source files\Device-specific files</Filter>
    </ClCompile>
    <ClCompile Include="BSP\STM32F2xxxx\STM32F2xx_HAL_Driver\Src\stm32f2xx_hal_pwr_ex.c">
      <Filter>Source files\Device-specific files</Filter>
    </ClCompile>
    <ClCompile Include="BSP\STM32F2xxxx\STM32F2xx_HAL_Driver\Src\stm32f2xx_hal_rcc.c">
      <Filter>Source files\Device-specific files</Filter>
    </ClCompile>
    <ClCompile Include="BSP\STM32F2xxxx\STM32F2xx_HAL_Driver\Src\stm32f2xx_hal_rcc_ex.c">
      <Filter>Source files\Device-specific files</Filter>
    </ClCompile>
    <ClCompile Include="BSP\STM32F2xxxx\STM32F2xx_HAL_Driver\Src\stm32f2xx_hal_rng.c">
      <Filter>Source files\Device-specific files</Filter>
    </ClCompile>
    <ClCompile Include="BSP\STM32F2xxxx\STM32F2xx_HAL_Driver\Src\stm32f2xx_hal_rtc.c">
      <Filter>Source files\Device-specific files</Filter>
    </ClCompile>
    <ClCompile Include="BSP\STM32F2xxxx\STM32F2xx_HAL_Driver\Src\stm32f2xx_hal_rtc_ex.c">
      <Filter>Source files\Device-specific files</Filter>
    </ClCompile>
    <ClCompile Include="BSP\STM32F2xxxx\STM32F2xx_HAL_Driver\Src\stm32f2xx_hal_sd.c">
      <Filter>Source files\Device-specific files</Filter>
    </ClCompile>
    <ClCompile Include="BSP\STM32F2xxxx\STM32F2xx_HAL_Driver\Src\stm32f2xx_hal_smartcard.c">
      <Filter>Source files\Device-specific files</Filter>
    </ClCompile>
    <ClCompile Include="BSP\STM32F2xxxx\STM32F2xx_HAL_Driver\Src\stm32f2xx_hal_spi.c">
      <Filter>Source files\Device-specific files</Filter>
    </ClCompile>
    <ClCompile Include="BSP\STM32F2xxxx\STM32F2xx_HAL_Driver\Src\stm32f2xx_hal_sram.c">
      <Filter>Source files\Device-specific files</Filter>
    </ClCompile>
    <ClCompile Include="BSP\STM32F2xxxx\STM32F2xx_HAL_Driver\Src\stm32f2xx_hal_tim.c">
      <Filter>Source files\Device-specific files</Filter>
    </ClCompile>
    <ClCompile Include="BSP\STM32F2xxxx\STM32F2xx_HAL_Driver\Src\stm32f2xx_hal_tim_ex.c">
      <Filter>Source files\Device-specific files</Filter>
    </ClCompile>
    <ClCompile Include="BSP\STM32F2xxxx\STM32F2xx_HAL_Driver\Src\stm32f2xx_hal_uart.c">
      <Filter>Source files\Device-specific files</Filter>
    </ClCompile>
    <ClCompile Include="BSP\STM32F2xxxx\STM32F2xx_HAL_Driver\Src\stm32f2xx_hal_usart.c">
      <Filter>Source files\Device-specific files</Filter>
    </ClCompile>
    <ClCompile Include="BSP\STM32F2xxxx\STM32F2xx_HAL_Driver\Src\stm32f2xx_hal_wwdg.c">
      <Filter>Source files\Device-specific files</Filter>
    </ClCompile>
    <ClCompile Include="BSP\STM32F2xxxx\STM32F2xx_HAL_Driver\Src\stm32f2xx_ll_fsmc.c">
      <Filter>Source files\Device-specific files</Filter>
    </ClCompile>
    <ClCompile Include="BSP\STM32F2xxxx\STM32F2xx_HAL_Driver\Src\stm32f2xx_ll_sdmmc.c">
      <Filter>Source files\Device-specific files</Filter>
    </ClCompile>
    <ClCompile Include="BSP\STM32F2xxxx\STM32F2xx_HAL_Driver\Src\stm32f2xx_ll_usb.c">
      <Filter>Source files\Device-specific files</Filter>
    </ClCompile>
    <ClCompile Include="STM32-Client.cpp">
      <Filter>Source files</Filter>
    </ClCompile>
    <ClCompile Include="STM32BaseLibrary.cpp">
      <Filter>Source files</Filter>
    </ClCompile>
    <ClCompile Include="STM32Core.cpp">
      <Filter>Source files</Filter>
    </ClCompile>
    <ClCompile Include="STM32Memory.cpp">
      <Filter>Source files</Filter>
    </ClCompile>
    <ClCompile Include="STM32Serial.cpp">
      <Filter>Source files</Filter>
    </ClCompile>
    <ClCompile Include="STM32SimpleTimer.cpp">
      <Filter>Source files</Filter>
    </ClCompile>
    <ClCompile Include="STM32Debug.cpp">
      <Filter>Source files</Filter>
    </ClCompile>
    <ClCompile Include="STM32-Server.cpp">
      <Filter>Source files</Filter>
    </ClCompile>
    <ClCompile Include="STM32Scheduler.cpp">
      <Filter>Source files</Filter>
    </ClCompile>
    <ClCompile Include="CircularBuffer.cpp">
      <Filter>Source files</Filter>
    </ClCompile>
    <ClCompile Include="FreeRTOSNew.cpp">
      <Filter>Source files</Filter>
    </ClCompile>
    <ClCompile Include="STM32CosemServer.cpp">
      <Filter>Source files</Filter>
    </ClCompile>
  </ItemGroup>
  <ItemGroup>
    <ClInclude Include="FreeRTOSConfig.h">
      <Filter>Header files</Filter>
    </ClInclude>
    <ClInclude Include="stm32f2xx_hal_conf.h">
      <Filter>Header files</Filter>
    </ClInclude>
    <ClInclude Include="include\STM32BaseLibrary.h">
      <Filter>Header files</Filter>
    </ClInclude>
    <ClInclude Include="include\STM32Core.h">
      <Filter>Header files</Filter>
    </ClInclude>
    <ClInclude Include="include\STM32Memory.h">
      <Filter>Header files</Filter>
    </ClInclude>
    <ClInclude Include="include\STM32Serial.h">
      <Filter>Header files</Filter>
    </ClInclude>
    <ClInclude Include="include\STM32SimpleTimer.h">
      <Filter>Header files</Filter>
    </ClInclude>
    <ClInclude Include="gcc_Debug.h">
      <Filter>Header files</Filter>
    </ClInclude>
    <ClInclude Include="gcc_Release.h">
      <Filter>Header files</Filter>
    </ClInclude>
    <ClInclude Include="BSP\stm32_compat.h">
      <Filter>Header files</Filter>
    </ClInclude>
    <ClInclude Include="include\STM32-Client.h">
      <Filter>Header files</Filter>
    </ClInclude>
    <ClInclude Include="include\STM32Scheduler.h">
      <Filter>Header files</Filter>
    </ClInclude>
    <ClInclude Include="include\STM32CosemServer.h">
      <Filter>Header files</Filter>
    </ClInclude>
    <ClInclude Include="include\STM32Debug.h">
      <Filter>Header files</Filter>
    </ClInclude>
    <ClInclude Include="include\STM32-Server.h">
      <Filter>Header files</Filter>
    </ClInclude>
    <ClInclude Include="include\CircularBuffer.h">
      <Filter>Header files</Filter>
    </ClInclude>
    <ClInclude Include="BSP\FreeRTOS\Source\CMSIS_RTOS\cmsis_os.h">
      <Filter>Header files\Device-specific files</Filter>
    </ClInclude>
    <ClInclude Include="BSP\FreeRTOS\Source\include\croutine.h">
      <Filter>Header files\Device-specific files</Filter>
    </ClInclude>
    <ClInclude Include="BSP\FreeRTOS\Source\include\deprecated_definitions.h">
      <Filter>Header files\Device-specific files</Filter>
    </ClInclude>
    <ClInclude Include="BSP\FreeRTOS\Source\include\event_groups.h">
      <Filter>Header files\Device-specific files</Filter>
    </ClInclude>
    <ClInclude Include="BSP\FreeRTOS\Source\include\FreeRTOS.h">
      <Filter>Header files\Device-specific files</Filter>
    </ClInclude>
    <ClInclude Include="BSP\FreeRTOS\Source\include\list.h">
      <Filter>Header files\Device-specific files</Filter>
    </ClInclude>
    <ClInclude Include="BSP\FreeRTOS\Source\include\mpu_wrappers.h">
      <Filter>Header files\Device-specific files</Filter>
    </ClInclude>
    <ClInclude Include="BSP\FreeRTOS\Source\include\portable.h">
      <Filter>Header files\Device-specific files</Filter>
    </ClInclude>
    <ClInclude Include="BSP\FreeRTOS\Source\include\projdefs.h">
      <Filter>Header files\Device-specific files</Filter>
    </ClInclude>
    <ClInclude Include="BSP\FreeRTOS\Source\include\queue.h">
      <Filter>Header files\Device-specific files</Filter>
    </ClInclude>
    <ClInclude Include="BSP\FreeRTOS\Source\include\semphr.h">
      <Filter>Header files\Device-specific files</Filter>
    </ClInclude>
    <ClInclude Include="BSP\FreeRTOS\Source\include\StackMacros.h">
      <Filter>Header files\Device-specific files</Filter>
    </ClInclude>
    <ClInclude Include="BSP\FreeRTOS\Source\include\task.h">
      <Filter>Header files\Device-specific files</Filter>
    </ClInclude>
    <ClInclude Include="BSP\FreeRTOS\Source\include\timers.h">
      <Filter>Header files\Device-specific files</Filter>
    </ClInclude>
    <ClInclude Include="BSP\FreeRTOS\Source\portable\GCC\ARM_CM3\portmacro.h">
      <Filter>Header files\Device-specific files</Filter>
    </ClInclude>
    <ClInclude Include="BSP\STM32F2xxxx\STM32F2xx_HAL_Driver\Inc\stm32f2xx_hal.h">
      <Filter>Header files\Device-specific files</Filter>
    </ClInclude>
    <ClInclude Include="BSP\STM32F2xxxx\STM32F2xx_HAL_Driver\Inc\stm32f2xx_hal_adc.h">
      <Filter>Header files\Device-specific files</Filter>
    </ClInclude>
    <ClInclude Include="BSP\STM32F2xxxx\STM32F2xx_HAL_Driver\Inc\stm32f2xx_hal_adc_ex.h">
      <Filter>Header files\Device-specific files</Filter>
    </ClInclude>
    <ClInclude Include="BSP\STM32F2xxxx\STM32F2xx_HAL_Driver\Inc\stm32f2xx_hal_can.h">
      <Filter>Header files\Device-specific files</Filter>
    </ClInclude>
    <ClInclude Include="BSP\STM32F2xxxx\STM32F2xx_HAL_Driver\Inc\stm32f2xx_hal_cortex.h">
      <Filter>Header files\Device-specific files</Filter>
    </ClInclude>
    <ClInclude Include="BSP\STM32F2xxxx\STM32F2xx_HAL_Driver\Inc\stm32f2xx_hal_crc.h">
      <Filter>Header files\Device-specific files</Filter>
    </ClInclude>
    <ClInclude Include="BSP\STM32F2xxxx\STM32F2xx_HAL_Driver\Inc\stm32f2xx_hal_cryp.h">
      <Filter>Header files\Device-specific files</Filter>
    </ClInclude>
    <ClInclude Include="BSP\STM32F2xxxx\STM32F2xx_HAL_Driver\Inc\stm32f2xx_hal_dac.h">
      <Filter>Header files\Device-specific files</Filter>
    </ClInclude>
    <ClInclude Include="BSP\STM32F2xxxx\STM32F2xx_HAL_Driver\Inc\stm32f2xx_hal_dac_ex.h">
      <Filter>Header files\Device-specific files</Filter>
    </ClInclude>
    <ClInclude Include="BSP\STM32F2xxxx\STM32F2xx_HAL_Driver\Inc\stm32f2xx_hal_dcmi.h">
      <Filter>Header files\Device-specific files</Filter>
    </ClInclude>
    <ClInclude Include="BSP\STM32F2xxxx\STM32F2xx_HAL_Driver\Inc\stm32f2xx_hal_def.h">
      <Filter>Header files\Device-specific files</Filter>
    </ClInclude>
    <ClInclude Include="BSP\STM32F2xxxx\STM32F2xx_HAL_Driver\Inc\stm32f2xx_hal_dma.h">
      <Filter>Header files\Device-specific files</Filter>
    </ClInclude>
    <ClInclude Include="BSP\STM32F2xxxx\STM32F2xx_HAL_Driver\Inc\stm32f2xx_hal_dma_ex.h">
      <Filter>Header files\Device-specific files</Filter>
    </ClInclude>
    <ClInclude Include="BSP\STM32F2xxxx\STM32F2xx_HAL_Driver\Inc\stm32f2xx_hal_eth.h">
      <Filter>Header files\Device-specific files</Filter>
    </ClInclude>
    <ClInclude Include="BSP\STM32F2xxxx\STM32F2xx_HAL_Driver\Inc\stm32f2xx_hal_flash.h">
      <Filter>Header files\Device-specific files</Filter>
    </ClInclude>
    <ClInclude Include="BSP\STM32F2xxxx\STM32F2xx_HAL_Driver\Inc\stm32f2xx_hal_flash_ex.h">
      <Filter>Header files\Device-specific files</Filter>
    </ClInclude>
    <ClInclude Include="BSP\STM32F2xxxx\STM32F2xx_HAL_Driver\Inc\stm32f2xx_hal_gpio.h">
      <Filter>Header files\Device-specific files</Filter>
    </ClInclude>
    <ClInclude Include="BSP\STM32F2xxxx\STM32F2xx_HAL_Driver\Inc\stm32f2xx_hal_gpio_ex.h">
      <Filter>Header files\Device-specific files</Filter>
    </ClInclude>
    <ClInclude Include="BSP\STM32F2xxxx\STM32F2xx_HAL_Driver\Inc\stm32f2xx_hal_hash.h">
      <Filter>Header files\Device-specific files</Filter>
    </ClInclude>
    <ClInclude Include="BSP\STM32F2xxxx\STM32F2xx_HAL_Driver\Inc\stm32f2xx_hal_hcd.h">
      <Filter>Header files\Device-specific files</Filter>
    </ClInclude>
    <ClInclude Include="BSP\STM32F2xxxx\STM32F2xx_HAL_Driver\Inc\stm32f2xx_hal_i2c.h">
      <Filter>Header files\Device-specific files</Filter>
    </ClInclude>
    <ClInclude Include="BSP\STM32F2xxxx\STM32F2xx_HAL_Driver\Inc\stm32f2xx_hal_i2s.h">
      <Filter>Header files\Device-specific files</Filter>
    </ClInclude>
    <ClInclude Include="BSP\STM32F2xxxx\STM32F2xx_HAL_Driver\Inc\stm32f2xx_hal_irda.h">
      <Filter>Header files\Device-specific files</Filter>
    </ClInclude>
    <ClInclude Include="BSP\STM32F2xxxx\STM32F2xx_HAL_Driver\Inc\stm32f2xx_hal_iwdg.h">
      <Filter>Header files\Device-specific files</Filter>
    </ClInclude>
    <ClInclude Include="BSP\STM32F2xxxx\STM32F2xx_HAL_Driver\Inc\stm32f2xx_hal_nand.h">
      <Filter>Header files\Device-specific files</Filter>
    </ClInclude>
    <ClInclude Include="BSP\STM32F2xxxx\STM32F2xx_HAL_Driver\Inc\stm32f2xx_hal_nor.h">
      <Filter>Header files\Device-specific files</Filter>
    </ClInclude>
    <ClInclude Include="BSP\STM32F2xxxx\STM32F2xx_HAL_Driver\Inc\stm32f2xx_hal_pccard.h">
      <Filter>Header files\Device-specific files</Filter>
    </ClInclude>
    <ClInclude Include="BSP\STM32F2xxxx\STM32F2xx_HAL_Driver\Inc\stm32f2xx_hal_pcd.h">
      <Filter>Header files\Device-specific files</Filter>
    </ClInclude>
    <ClInclude Include="BSP\STM32F2xxxx\STM32F2xx_HAL_Driver\Inc\stm32f2xx_hal_pcd_ex.h">
      <Filter>Header files\Device-specific files</Filter>
    </ClInclude>
    <ClInclude Include="BSP\STM32F2xxxx\STM32F2xx_HAL_Driver\Inc\stm32f2xx_hal_pwr.h">
      <Filter>Header files\Device-specific files</Filter>
    </ClInclude>
    <ClInclude Include="BSP\STM32F2xxxx\STM32F2xx_HAL_Driver\Inc\stm32f2xx_hal_pwr_ex.h">
      <Filter>Header files\Device-specific files</Filter>
    </ClInclude>
    <ClInclude Include="BSP\STM32F2xxxx\STM32F2xx_HAL_Driver\Inc\stm32f2xx_hal_rcc.h">
      <Filter>Header files\Device-specific files</Filter>
    </ClInclude>
    <ClInclude Include="BSP\STM32F2xxxx\STM32F2xx_HAL_Driver\Inc\stm32f2xx_hal_rcc_ex.h">
      <Filter>Header files\Device-specific files</Filter>
    </ClInclude>
    <ClInclude Include="BSP\STM32F2xxxx\STM32F2xx_HAL_Driver\Inc\stm32f2xx_hal_rng.h">
      <Filter>Header files\Device-specific files</Filter>
    </ClInclude>
    <ClInclude Include="BSP\STM32F2xxxx\STM32F2xx_HAL_Driver\Inc\stm32f2xx_hal_rtc.h">
      <Filter>Header files\Device-specific files</Filter>
    </ClInclude>
    <ClInclude Include="BSP\STM32F2xxxx\STM32F2xx_HAL_Driver\Inc\stm32f2xx_hal_rtc_ex.h">
      <Filter>Header files\Device-specific files</Filter>
    </ClInclude>
    <ClInclude Include="BSP\STM32F2xxxx\STM32F2xx_HAL_Driver\Inc\stm32f2xx_hal_sd.h">
      <Filter>Header files\Device-specific files</Filter>
    </ClInclude>
    <ClInclude Include="BSP\STM32F2xxxx\STM32F2xx_HAL_Driver\Inc\stm32f2xx_hal_smartcard.h">
      <Filter>Header files\Device-specific files</Filter>
    </ClInclude>
    <ClInclude Include="BSP\STM32F2xxxx\STM32F2xx_HAL_Driver\Inc\stm32f2xx_hal_spi.h">
      <Filter>Header files\Device-specific files</Filter>
    </ClInclude>
    <ClInclude Include="BSP\STM32F2xxxx\STM32F2xx_HAL_Driver\Inc\stm32f2xx_hal_sram.h">
      <Filter>Header files\Device-specific files</Filter>
    </ClInclude>
    <ClInclude Include="BSP\STM32F2xxxx\STM32F2xx_HAL_Driver\Inc\stm32f2xx_hal_tim.h">
      <Filter>Header files\Device-specific files</Filter>
    </ClInclude>
    <ClInclude Include="BSP\STM32F2xxxx\STM32F2xx_HAL_Driver\Inc\stm32f2xx_hal_tim_ex.h">
      <Filter>Header files\Device-specific files</Filter>
    </ClInclude>
    <ClInclude Include="BSP\STM32F2xxxx\STM32F2xx_HAL_Driver\Inc\stm32f2xx_hal_uart.h">
      <Filter>Header files\Device-specific files</Filter>
    </ClInclude>
    <ClInclude Include="BSP\STM32F2xxxx\STM32F2xx_HAL_Driver\Inc\stm32f2xx_hal_usart.h">
      <Filter>Header files\Device-specific files</Filter>
    </ClInclude>
    <ClInclude Include="BSP\STM32F2xxxx\STM32F2xx_HAL_Driver\Inc\stm32f2xx_hal_wwdg.h">
      <Filter>Header files\Device-specific files</Filter>
    </ClInclude>
    <ClInclude Include="BSP\STM32F2xxxx\STM32F2xx_HAL_Driver\Inc\stm32f2xx_ll_fsmc.h">
      <Filter>Header files\Device-specific files</Filter>
    </ClInclude>
    <ClInclude Include="BSP\STM32F2xxxx\STM32F2xx_HAL_Driver\Inc\stm32f2xx_ll_sdmmc.h">
      <Filter>Header files\Device-specific files</Filter>
    </ClInclude>
    <ClInclude Include="BSP\STM32F2xxxx\STM32F2xx_HAL_Driver\Inc\stm32f2xx_ll_usb.h">
      <Filter>Header files\Device-specific files</Filter>
    </ClInclude>
    <ClInclude Include="BSP\STM32F2xxxx\STM32F2xx_HAL_Driver\Inc\Legacy\stm32_hal_legacy.h">
      <Filter>Header files\Device-specific files</Filter>
    </ClInclude>
    <ClInclude Include="BSP\STM32F2xxxx\CMSIS_HAL\Device\ST\STM32F2xx\Include\stm32f2xx.h">
      <Filter>Header files\Device-specific files</Filter>
    </ClInclude>
    <ClInclude Include="BSP\STM32F2xxxx\CMSIS_HAL\Device\ST\STM32F2xx\Include\system_stm32f2xx.h">
      <Filter>Header files\Device-specific files</Filter>
    </ClInclude>
    <ClInclude Include="BSP\STM32F2xxxx\CMSIS_HAL\Include\arm_common_tables.h">
      <Filter>Header files\Device-specific files</Filter>
    </ClInclude>
    <ClInclude Include="BSP\STM32F2xxxx\CMSIS_HAL\Include\arm_const_structs.h">
      <Filter>Header files\Device-specific files</Filter>
    </ClInclude>
    <ClInclude Include="BSP\STM32F2xxxx\CMSIS_HAL\Include\arm_math.h">
      <Filter>Header files\Device-specific files</Filter>
    </ClInclude>
    <ClInclude Include="BSP\STM32F2xxxx\CMSIS_HAL\Include\cmsis_armcc.h">
      <Filter>Header files\Device-specific files</Filter>
    </ClInclude>
    <ClInclude Include="BSP\STM32F2xxxx\CMSIS_HAL\Include\cmsis_armcc_V6.h">
      <Filter>Header files\Device-specific files</Filter>
    </ClInclude>
    <ClInclude Include="BSP\STM32F2xxxx\CMSIS_HAL\Include\cmsis_gcc.h">
      <Filter>Header files\Device-specific files</Filter>
    </ClInclude>
    <ClInclude Include="BSP\STM32F2xxxx\CMSIS_HAL\Include\core_cm0.h">
      <Filter>Header files\Device-specific files</Filter>
    </ClInclude>
    <ClInclude Include="BSP\STM32F2xxxx\CMSIS_HAL\Include\core_cm0plus.h">
      <Filter>Header files\Device-specific files</Filter>
    </ClInclude>
    <ClInclude Include="BSP\STM32F2xxxx\CMSIS_HAL\Include\core_cm3.h">
      <Filter>Header files\Device-specific files</Filter>
    </ClInclude>
    <ClInclude Include="BSP\STM32F2xxxx\CMSIS_HAL\Include\core_cm4.h">
      <Filter>Header files\Device-specific files</Filter>
    </ClInclude>
    <ClInclude Include="BSP\STM32F2xxxx\CMSIS_HAL\Include\core_cm7.h">
      <Filter>Header files\Device-specific files</Filter>
    </ClInclude>
    <ClInclude Include="BSP\STM32F2xxxx\CMSIS_HAL\Include\core_cmFunc.h">
      <Filter>Header files\Device-specific files</Filter>
    </ClInclude>
    <ClInclude Include="BSP\STM32F2xxxx\CMSIS_HAL\Include\core_cmInstr.h">
      <Filter>Header files\Device-specific files</Filter>
    </ClInclude>
    <ClInclude Include="BSP\STM32F2xxxx\CMSIS_HAL\Include\core_cmSimd.h">
      <Filter>Header files\Device-specific files</Filter>
    </ClInclude>
    <ClInclude Include="BSP\STM32F2xxxx\CMSIS_HAL\Include\core_sc000.h">
      <Filter>Header files\Device-specific files</Filter>
    </ClInclude>
    <ClInclude Include="BSP\STM32F2xxxx\CMSIS_HAL\Include\core_sc300.h">
      <Filter>Header files\Device-specific files</Filter>
    </ClInclude>
  </ItemGroup>
  <ItemGroup>
    <None Include="Makefile" />
    <None Include="debug.mak">
      <Filter>Make files</Filter>
    </None>
    <None Include="STM32-NUCLEO-F207ZG-Debug.vgdbsettings">
      <Filter>VisualGDB settings</Filter>
    </None>
    <None Include="release.mak">
      <Filter>Make files</Filter>
    </None>
    <None Include="STM32-NUCLEO-F207ZG-Release.vgdbsettings">
      <Filter>VisualGDB settings</Filter>
    </None>
    <None Include="stm32.mak">
      <Filter>Source files\Device-specific files</Filter>
    </None>
  </ItemGroup>
  <ItemGroup>
    <Xml Include="stm32.xml">
      <Filter>VisualGDB settings</Filter>
    </Xml>
  </ItemGroup>
  <ItemGroup>
    <Text Include="BSP\FreeRTOS\License\license.txt">
      <Filter>Source files\Device-specific files</Filter>
    </Text>
    <Text Include="BSP\FreeRTOS\Source\readme.txt">
      <Filter>Source files\Device-specific files</Filter>
    </Text>
    <Text Include="BSP\FreeRTOS\Source\st_readme.txt">
      <Filter>Source files\Device-specific files</Filter>
    </Text>
  </ItemGroup>
</Project>